
Microsoft Visual Studio Solution File, Format Version 12.00
# Visual Studio Version 17
VisualStudioVersion = 17.6.33723.286
MinimumVisualStudioVersion = 10.0.40219.1
Project("{8BC9CEB8-8B4A-11D0-8D11-00A0C91BC942}") = "0101 C++初识", "0101 C++初识\01.C++初识.vcxproj", "{FD50C6E4-5BC3-41E6-A8D8-5428656D5C2B}"
EndProject
Project("{8BC9CEB8-8B4A-11D0-8D11-00A0C91BC942}") = "0102 双冒号作用域运算符", "0102 双冒号作用域运算符\02.双冒号作用域运算符.vcxproj", "{7BE46862-D479-4AEC-A41A-1C383546BAED}"
EndProject
Project("{8BC9CEB8-8B4A-11D0-8D11-00A0C91BC942}") = "0103 namespace命名空间", "0103 namespace命名空间\03.namespace命名空间.vcxproj", "{367BF28B-04F6-47BC-BF1A-9DD8AFABCC24}"
EndProject
Project("{8BC9CEB8-8B4A-11D0-8D11-00A0C91BC942}") = "0104 using声明以及using编译指令", "0104 using声明以及using编译指令\04.using声明以及using编译指令.vcxproj", "{47D21BD9-B066-4D2A-8A0B-D5AF87A48EE8}"
EndProject
Project("{8BC9CEB8-8B4A-11D0-8D11-00A0C91BC942}") = "0105 C++对C语言增强和扩展_C语言", "0105 C++对C语言增强和扩展_C语言\05.C++对C语言增强和扩展_C语言.vcxproj", "{338276B7-C56F-48E1-9F82-2FA3B3AEBBFA}"
EndProject
Project("{8BC9CEB8-8B4A-11D0-8D11-00A0C91BC942}") = "0106 C++对C语言增强和扩展_C++语言", "0106 C++对C语言增强和扩展_C++语言\06.C++对C语言增强和扩展_C++语言.vcxproj", "{FD0767E9-CAEA-445E-9B59-B202FF67E749}"
EndProject
Project("{8BC9CEB8-8B4A-11D0-8D11-00A0C91BC942}") = "0107 C语言下const修饰全局变量默认是外部链接属性", "0107 C语言下const修饰全局变量默认是外部链接属性\07.C语言下const修饰全局变量默认是外部链接属性.vcxproj", "{0CD27D1F-C217-4623-B00A-E6172D27E0A2}"
EndProject
Project("{8BC9CEB8-8B4A-11D0-8D11-00A0C91BC942}") = "0108 C++下const修饰全局变量默认是内部链接属性", "0108 C++下const修饰全局变量默认是内部链接属性\08.C++下const修饰全局变量默认是内部链接属性.vcxproj", "{7A9C3C4A-6F7A-44D1-9341-9BBC56DDE8FB}"
EndProject
Project("{8BC9CEB8-8B4A-11D0-8D11-00A0C91BC942}") = "0109 const分配内存情况", "0109 const分配内存情况\09.const分配内存情况.vcxproj", "{6988896E-E219-4C3B-8A86-17E920885F39}"
EndProject
Project("{8BC9CEB8-8B4A-11D0-8D11-00A0C91BC942}") = "0110 引用基本语法", "0110 引用基本语法\10.引用基本语法.vcxproj", "{B0C593A9-1F39-4DC1-99D2-FC3576DAEA34}"
EndProject
Project("{8BC9CEB8-8B4A-11D0-8D11-00A0C91BC942}") = "0111 参数的传递方式", "0111 参数的传递方式\11.参数的传递方式.vcxproj", "{6E4F59E9-60EB-43C4-A533-CB7D9C914797}"
EndProject
Project("{8BC9CEB8-8B4A-11D0-8D11-00A0C91BC942}") = "0112 指针引用", "0112 指针引用\12.指针引用.vcxproj", "{0D607B62-0F20-4908-AC9A-C65DCF3A8EDE}"
EndProject
Project("{8BC9CEB8-8B4A-11D0-8D11-00A0C91BC942}") = "0113 常量的引用", "0113 常量的引用\13.常量的引用.vcxproj", "{13881CE1-9499-4CAF-AEB0-9564F3F6828E}"
EndProject
Project("{8BC9CEB8-8B4A-11D0-8D11-00A0C91BC942}") = "0201 设计一个类，求圆的周长", "0201 设计一个类，求圆的周长\01.设计一个类，求圆的周长.vcxproj", "{0B13C619-95C5-4D08-8A10-CF9678523689}"
EndProject
Project("{8BC9CEB8-8B4A-11D0-8D11-00A0C91BC942}") = "0202 内联函数引出-宏缺陷", "0202 内联函数引出-宏缺陷\02.内联函数引出-宏缺陷.vcxproj", "{9EAB41DF-B350-4B1B-B767-84B0677AC5EC}"
EndProject
Project("{8BC9CEB8-8B4A-11D0-8D11-00A0C91BC942}") = "0203 函数的默认参数和占位参数", "0203 函数的默认参数和占位参数\03.函数的默认参数和占位参数.vcxproj", "{15B2443E-9859-4C79-AF12-A90193FAB72B}"
EndProject
Project("{8BC9CEB8-8B4A-11D0-8D11-00A0C91BC942}") = "0204 函数重载", "0204 函数重载\04.函数重载.vcxproj", "{BAC82334-7412-4B63-A413-CF11A1332D20}"
EndProject
Project("{8BC9CEB8-8B4A-11D0-8D11-00A0C91BC942}") = "0205 externC浅析", "0205 externC浅析\05.externC浅析.vcxproj", "{4F3EBAC8-A227-4C1A-A0BC-B3B0D37A5F14}"
EndProject
Project("{8BC9CEB8-8B4A-11D0-8D11-00A0C91BC942}") = "0206 C语言下的封装", "0206 C语言下的封装\06.C语言下的封装.vcxproj", "{A43219A1-31D6-410C-8F8D-00CAF6CA6C8F}"
EndProject
Project("{8BC9CEB8-8B4A-11D0-8D11-00A0C91BC942}") = "0207 C++语言下的封装", "0207 C++语言下的封装\07.C++语言下的封装.vcxproj", "{E1B48D87-F840-4065-85B9-2D47478EDDCE}"
EndProject
Project("{8BC9CEB8-8B4A-11D0-8D11-00A0C91BC942}") = "0208 尽量将成员属性设置为私有", "0208 尽量将成员属性设置为私有\08.尽量将成员属性设置为私有.vcxproj", "{B08AFEA7-179E-4DBB-84AE-40772067893A}"
EndProject
Project("{8BC9CEB8-8B4A-11D0-8D11-00A0C91BC942}") = "0301 立方体类设计案例", "0301 立方体类设计案例\01 立方体类设计案例.vcxproj", "{6A0D344F-8BD2-43D1-96D3-F129354DB3CB}"
EndProject
Project("{8BC9CEB8-8B4A-11D0-8D11-00A0C91BC942}") = "0302 点和圆关系案例", "0302 点和圆关系案例\02 点和圆关系案例.vcxproj", "{B8D48FE0-AA9B-47B1-96E2-11450E34A489}"
EndProject
Project("{8BC9CEB8-8B4A-11D0-8D11-00A0C91BC942}") = "0303 构造函数和析构函数", "0303 构造函数和析构函数\03 构造函数和析构函数.vcxproj", "{D5F9900A-C42E-4CA5-B24E-3B57EF172DEF}"
EndProject
Project("{8BC9CEB8-8B4A-11D0-8D11-00A0C91BC942}") = "0304 构造函数的分类以及调用", "0304 构造函数的分类以及调用\04 构造函数的分类以及调用.vcxproj", "{80F27DFB-C580-4AD3-9C8E-C6747DA00CD2}"
EndProject
Project("{8BC9CEB8-8B4A-11D0-8D11-00A0C91BC942}") = "0305 拷贝构造函数的调用时机", "0305 拷贝构造函数的调用时机\05 拷贝构造函数的调用时机.vcxproj", "{B248B6C3-0ACA-4869-94B4-1085590D41B3}"
EndProject
Project("{8BC9CEB8-8B4A-11D0-8D11-00A0C91BC942}") = "0306 构造函数的调用规则", "0306 构造函数的调用规则\06 构造函数的调用规则.vcxproj", "{106DCE9D-3EC2-4137-95E9-75970DFB8DDE}"
EndProject
Project("{8BC9CEB8-8B4A-11D0-8D11-00A0C91BC942}") = "0307 深拷贝与浅拷贝问题以及解决", "0307 深拷贝与浅拷贝问题以及解决\07 深拷贝与浅拷贝问题以及解决.vcxproj", "{1552693A-7031-43F1-8929-C38C515A25D2}"
EndProject
Project("{8BC9CEB8-8B4A-11D0-8D11-00A0C91BC942}") = "0308 初始化列表", "0308 初始化列表\08 初始化列表.vcxproj", "{3B77F6D7-E0F6-4348-BA70-B0B6D52C8F82}"
EndProject
Project("{8BC9CEB8-8B4A-11D0-8D11-00A0C91BC942}") = "0309 类对象作为类成员", "0309 类对象作为类成员\09 类对象作为类成员.vcxproj", "{FCAA91FE-D570-4319-8691-7D80A6DF4CA7}"
EndProject
Project("{8BC9CEB8-8B4A-11D0-8D11-00A0C91BC942}") = "0310 explicit关键字使用", "0310 explicit关键字使用\10 explicit关键字使用.vcxproj", "{D1D29F05-ECD9-42C8-B81F-CD35EE4D3E80}"
EndProject
Project("{8BC9CEB8-8B4A-11D0-8D11-00A0C91BC942}") = "0311 new和delete使用", "0311 new和delete使用\11 new和delete使用.vcxproj", "{4DA421A9-78AC-4B0E-94FE-4236DD58CD25}"
EndProject
Project("{8BC9CEB8-8B4A-11D0-8D11-00A0C91BC942}") = "0401 静态成员", "0401 静态成员\01 静态成员.vcxproj", "{D3A0860A-D893-403D-8D79-6AE18D833084}"
EndProject
Project("{8BC9CEB8-8B4A-11D0-8D11-00A0C91BC942}") = "0402 单例模式-主席类案例", "0402 单例模式-主席类案例\02 单例模式-主席类案例.vcxproj", "{70209FAE-5CEF-48AB-9792-CAF343E12192}"
EndProject
Project("{8BC9CEB8-8B4A-11D0-8D11-00A0C91BC942}") = "0403 单例模式 - 打印机案例", "0403 单例模式 - 打印机案例\03 单例模式 - 打印机案例.vcxproj", "{DB8B497E-688D-44A0-9ACD-127C6346E071}"
EndProject
Project("{8BC9CEB8-8B4A-11D0-8D11-00A0C91BC942}") = "0404 C++对象初探", "0404 C++对象初探\04 C++对象初探.vcxproj", "{EAFB4B71-20BB-4F1A-B5D0-9E118F13338D}"
EndProject
Project("{8BC9CEB8-8B4A-11D0-8D11-00A0C91BC942}") = "0405 this指针的使用", "0405 this指针的使用\05 this指针的使用.vcxproj", "{FF54ABD8-5A10-4BE6-806F-B999EAD92BA0}"
EndProject
Project("{8BC9CEB8-8B4A-11D0-8D11-00A0C91BC942}") = "0406 空指针访问成员函数", "0406 空指针访问成员函数\06 空指针访问成员函数.vcxproj", "{71229D0E-532B-4FF8-A7CA-98B73082D0A5}"
EndProject
Project("{8BC9CEB8-8B4A-11D0-8D11-00A0C91BC942}") = "0407 常函数和常对象", "0407 常函数和常对象\07 常函数和常对象.vcxproj", "{09195BC1-8E7D-4887-B499-2C3CBA3C4358}"
EndProject
Project("{8BC9CEB8-8B4A-11D0-8D11-00A0C91BC942}") = "0408 全局函数做友元函数", "0408 全局函数做友元函数\08 全局函数做友元函数.vcxproj", "{E37EB22D-EB61-41E0-B8EF-C7C83439F5C8}"
EndProject
Project("{8BC9CEB8-8B4A-11D0-8D11-00A0C91BC942}") = "0409 类作为友元类", "0409 类作为友元类\09 类作为友元类.vcxproj", "{424465B5-641B-4446-87C8-B831893A8317}"
EndProject
Project("{8BC9CEB8-8B4A-11D0-8D11-00A0C91BC942}") = "0410 成员函数作为友元函数", "0410 成员函数作为友元函数\10 成员函数作为友元函数.vcxproj", "{DDC0A8FD-063C-4C3E-A3C0-367C78B2B0C3}"
EndProject
Project("{8BC9CEB8-8B4A-11D0-8D11-00A0C91BC942}") = "0501 强化训练-数组类封装", "0501 强化训练-数组类封装\01 强化训练-数组类封装.vcxproj", "{8C96E1AB-4468-4128-9073-58EF4018EA03}"
EndProject
Project("{8BC9CEB8-8B4A-11D0-8D11-00A0C91BC942}") = "0502 加号运算符重载", "0502 加号运算符重载\02 加号运算符重载.vcxproj", "{55A00223-22F3-4DE4-A14C-6B8FA21EF7C7}"
EndProject
Project("{8BC9CEB8-8B4A-11D0-8D11-00A0C91BC942}") = "0503 左移运算符重载", "0503 左移运算符重载\03 左移运算符重载.vcxproj", "{FED379A6-4F97-4B54-B0CF-D8CAD14CE31D}"
EndProject
Project("{8BC9CEB8-8B4A-11D0-8D11-00A0C91BC942}") = "0504 递增运算符重载", "0504 递增运算符重载\04 递增运算符重载.vcxproj", "{D7BA35A3-50F3-4FB1-876B-6FC946BBD577}"
EndProject
Project("{8BC9CEB8-8B4A-11D0-8D11-00A0C91BC942}") = "0505 指针运算符重载", "0505 指针运算符重载\05 指针运算符重载.vcxproj", "{265CC3B8-B80C-4507-950E-2D4808F88EED}"
EndProject
Project("{8BC9CEB8-8B4A-11D0-8D11-00A0C91BC942}") = "0506 赋值运算符重载", "0506 赋值运算符重载\06 赋值运算符重载.vcxproj", "{1974D0E6-D4BF-4FCF-B769-B1BAC8D15D0A}"
EndProject
Project("{8BC9CEB8-8B4A-11D0-8D11-00A0C91BC942}") = "0601 关系运算符重载", "0601 关系运算符重载\01 关系运算符重载.vcxproj", "{C7B25A7E-0870-47D0-99B5-23B9DE3BB762}"
EndProject
Project("{8BC9CEB8-8B4A-11D0-8D11-00A0C91BC942}") = "0602 函数调用运算符重载", "0602 函数调用运算符重载\02 函数调用运算符重载.vcxproj", "{BF4A67AC-C1B6-4D98-B702-32FDDD8C882B}"
EndProject
Project("{8BC9CEB8-8B4A-11D0-8D11-00A0C91BC942}") = "0603 强化训练-字符串类封装", "0603 强化训练-字符串类封装\03 强化训练-字符串类封装.vcxproj", "{50FA491E-DB39-4070-81D2-844AC3BC4757}"
EndProject
Project("{8BC9CEB8-8B4A-11D0-8D11-00A0C91BC942}") = "0604 继承基本语法", "0604 继承基本语法\04 继承基本语法.vcxproj", "{2B193D06-49A8-4BE2-91AC-BB64055E9789}"
EndProject
Project("{8BC9CEB8-8B4A-11D0-8D11-00A0C91BC942}") = "0605 继承方式", "0605 继承方式\05 继承方式.vcxproj", "{3B9F857A-772F-44B1-B9CA-4AC60D632E38}"
EndProject
Project("{8BC9CEB8-8B4A-11D0-8D11-00A0C91BC942}") = "0606 继承中的对象模型", "0606 继承中的对象模型\06 继承中的对象模型.vcxproj", "{03604009-6BB4-44A9-ABC9-FE5DAC17D70D}"
EndProject
Project("{8BC9CEB8-8B4A-11D0-8D11-00A0C91BC942}") = "0607 继承中的构造和析构", "0607 继承中的构造和析构\07 继承中的构造和析构.vcxproj", "{824F5A76-2E5F-4632-BD54-E250B9610696}"
EndProject
Project("{8BC9CEB8-8B4A-11D0-8D11-00A0C91BC942}") = "0608 继承中的同名成员处理", "0608 继承中的同名成员处理\08 继承中的同名成员处理.vcxproj", "{9A78F84C-C111-42A6-9590-24BA1096AC41}"
EndProject
Project("{8BC9CEB8-8B4A-11D0-8D11-00A0C91BC942}") = "0609 继承中的同名静态成员处理", "0609 继承中的同名静态成员处理\09 继承中的同名静态成员处理.vcxproj", "{6F2AE9F6-1FCE-49EB-AB8F-863CFA142104}"
EndProject
Project("{8BC9CEB8-8B4A-11D0-8D11-00A0C91BC942}") = "0610 多继承基本语法", "0610 多继承基本语法\10 多继承基本语法.vcxproj", "{CAC97027-689A-4B4E-99EE-90350D4D4CBC}"
EndProject
Project("{8BC9CEB8-8B4A-11D0-8D11-00A0C91BC942}") = "0611 菱形继承问题以及解决-虚继承", "0611 菱形继承问题以及解决\11 菱形继承问题以及解决.vcxproj", "{20AB8592-5C96-4A2C-9418-E7A043995C1F}"
EndProject
Project("{8BC9CEB8-8B4A-11D0-8D11-00A0C91BC942}") = "0701 静态联编和动态联编", "0701 静态联编和动态联编\01 静态联编和动态联编.vcxproj", "{3CCCB647-0622-4063-B31A-5ABF8A49E088}"
EndProject
Project("{8BC9CEB8-8B4A-11D0-8D11-00A0C91BC942}") = "0702 多态案例-计算器案例", "0702 多态案例-计算器案例\02 多态案例-计算器案例.vcxproj", "{8C66FAEA-C967-4D89-A804-797781AD8DF5}"
EndProject
Project("{8BC9CEB8-8B4A-11D0-8D11-00A0C91BC942}") = "0703 虚析构和纯虚析构", "0703 虚析构和纯虚析构\03 虚析构和纯虚析构.vcxproj", "{9E14436B-EF6D-41B1-9202-5FB65A9DACDC}"
EndProject
Project("{8BC9CEB8-8B4A-11D0-8D11-00A0C91BC942}") = "0704 多态案例-电脑组装案例", "0704 多态案例-电脑组装案例\04 多态案例-电脑组装案例.vcxproj", "{1C82BCF9-528B-4DD2-A0E8-F76FE7C1E92B}"
EndProject
Project("{8BC9CEB8-8B4A-11D0-8D11-00A0C91BC942}") = "0801 函数模板", "0801 函数模板\01 函数模板.vcxproj", "{7D7AFDE6-F87C-44DE-A030-0BDF36E45E1C}"
EndProject
Project("{8BC9CEB8-8B4A-11D0-8D11-00A0C91BC942}") = "0802 char和 int类型数组进行排序", "0802 char和 int类型数组进行排序\02 char和 int类型数组进行排序.vcxproj", "{43F22C5B-AB80-499B-AF5A-A73DB766D372}"
EndProject
Project("{8BC9CEB8-8B4A-11D0-8D11-00A0C91BC942}") = "0803 函数模板和普通函数的区别以及调用规则", "0803 函数模板和普通函数的区别以及调用规则\03 函数模板和普通函数的区别以及调用规则.vcxproj", "{DBB2B1BC-7451-48AD-B15E-1AB07E810662}"
EndProject
Project("{8BC9CEB8-8B4A-11D0-8D11-00A0C91BC942}") = "0804 模板局限性", "0804 模板局限性\04 模板局限性.vcxproj", "{84A5878E-CE26-478C-8FAD-5057B615040E}"
EndProject
Project("{8BC9CEB8-8B4A-11D0-8D11-00A0C91BC942}") = "0805 类模板", "0805 类模板\05 类模板.vcxproj", "{77E18BEB-0B54-4C0F-9755-25258FE4ED67}"
EndProject
Project("{8BC9CEB8-8B4A-11D0-8D11-00A0C91BC942}") = "0806 类模板中的成员函数创建时机", "0806 类模板中的成员函数创建时机\06 类模板中的成员函数创建时机.vcxproj", "{B75DDDAE-6E47-481B-A3A8-ED297A981782}"
EndProject
Project("{8BC9CEB8-8B4A-11D0-8D11-00A0C91BC942}") = "0807 类模板做函数参数", "0807 类模板做函数参数\07 类模板做函数参数.vcxproj", "{28113A2F-4969-4568-92C2-825797E64C3F}"
EndProject
Project("{8BC9CEB8-8B4A-11D0-8D11-00A0C91BC942}") = "0808 类模板碰到继承的问题以及解决", "0808 类模板碰到继承的问题以及解决\08 类模板碰到继承的问题以及解决.vcxproj", "{F8271D92-2CD3-40C0-9B8F-17FBA8586DF1}"
EndProject
Project("{8BC9CEB8-8B4A-11D0-8D11-00A0C91BC942}") = "0809 类模板中的成员函数类外实现", "0809 类模板中的成员函数类外实现\09 类模板中的成员函数类外实现.vcxproj", "{E3162A85-FC79-45BE-B5AF-BE81F1D03CE1}"
EndProject
Project("{8BC9CEB8-8B4A-11D0-8D11-00A0C91BC942}") = "0810 类模板中的成员函数分文件编写", "0810 类模板中的成员函数分文件编写\10 类模板中的成员函数分文件编写.vcxproj", "{9DA21F2A-0D4E-4A44-B5E2-82F38D9F1FB6}"
EndProject
Project("{8BC9CEB8-8B4A-11D0-8D11-00A0C91BC942}") = "0811 类模板碰到友元函数", "0811 类模板碰到友元函数\11 类模板碰到友元函数.vcxproj", "{A22B8FEA-9C4D-430C-A492-F366A4233587}"
EndProject
Project("{8BC9CEB8-8B4A-11D0-8D11-00A0C91BC942}") = "0812 类模板应用-数组类封装", "0812 类模板应用-数组类封装\12 类模板应用-数组类封装.vcxproj", "{1387EC96-99CA-418A-AB74-6C67372FA2D0}"
EndProject
Project("{8BC9CEB8-8B4A-11D0-8D11-00A0C91BC942}") = "0901 类型转换", "0901 类型转换\01 类型转换.vcxproj", "{1ED23D1E-11CA-41E4-8ADC-40E11E0A639E}"
EndProject
Project("{8BC9CEB8-8B4A-11D0-8D11-00A0C91BC942}") = "0902 异常的基本语法", "0902 异常的基本语法\02 异常的基本语法.vcxproj", "{9D525390-8FB0-43C8-939D-D599351874A4}"
EndProject
Project("{8BC9CEB8-8B4A-11D0-8D11-00A0C91BC942}") = "0903 异常变量的生命周期", "0903 异常变量的生命周期\03 异常变量的生命周期.vcxproj", "{F7EF09AB-B30C-4CF1-A333-A4FE9C82DD7A}"
EndProject
Project("{8BC9CEB8-8B4A-11D0-8D11-00A0C91BC942}") = "0904 异常的多态使用", "0904 异常的多态使用\04 异常的多态使用.vcxproj", "{E01C385F-5210-4AB5-8405-AA3643328994}"
EndProject
Project("{8BC9CEB8-8B4A-11D0-8D11-00A0C91BC942}") = "0905 系统标准异常", "0905 系统标准异常\05 系统标准异常.vcxproj", "{4C808C13-4FC0-4417-94F5-29B049D63763}"
EndProject
Project("{8BC9CEB8-8B4A-11D0-8D11-00A0C91BC942}") = "0906 编写自己的异常类", "0906 编写自己的异常类\06 编写自己的异常类.vcxproj", "{AE36E4E7-3E86-449A-882E-0FFA13773276}"
EndProject
Project("{8BC9CEB8-8B4A-11D0-8D11-00A0C91BC942}") = "0907 标准输入流", "0907 标准输入流\07 标准输入流.vcxproj", "{129E5B97-DA31-4073-A947-798B3C8657EA}"
EndProject
Project("{8BC9CEB8-8B4A-11D0-8D11-00A0C91BC942}") = "0908 标准输出流", "0908 标准输出流\08 标准输出流.vcxproj", "{715C5F3F-264F-4206-AB9D-901310276F53}"
EndProject
Project("{8BC9CEB8-8B4A-11D0-8D11-00A0C91BC942}") = "0909 文件读写", "0909 文件读写\09 文件读写.vcxproj", "{E5FBF521-08CB-4148-9073-75C6F8EA646D}"
EndProject
Project("{8BC9CEB8-8B4A-11D0-8D11-00A0C91BC942}") = "1001 STL初识", "1001 STL初识\01 STL初识.vcxproj", "{6495224E-DE0E-4E7A-9603-8BDF34AB3259}"
EndProject
Project("{8BC9CEB8-8B4A-11D0-8D11-00A0C91BC942}") = "1002 string容器", "1002 string容器\02 string容器.vcxproj", "{4807EBD6-BB95-45B2-98DF-381EC6C2C738}"
EndProject
Project("{8BC9CEB8-8B4A-11D0-8D11-00A0C91BC942}") = "1003 vector容器", "1003 vector容器\03 vector容器.vcxproj", "{DFE2BB65-E529-4216-AF88-E8DC03F9CBE0}"
EndProject
Project("{8BC9CEB8-8B4A-11D0-8D11-00A0C91BC942}") = "1004 deque容器", "1004 deque容器\04 deque容器.vcxproj", "{0ECA6CFD-7828-451A-9F9C-0BD3A95A07EB}"
EndProject
Project("{8BC9CEB8-8B4A-11D0-8D11-00A0C91BC942}") = "1101 评委打分案例", "1101 评委打分案例\01 评委打分案例.vcxproj", "{0EF6D078-8C43-4E44-AB1D-B91F0263CFDD}"
EndProject
Project("{8BC9CEB8-8B4A-11D0-8D11-00A0C91BC942}") = "1102 Stack栈容器", "1102 Stack栈容器\02 Stack栈容器.vcxproj", "{C2ACBB07-7342-4F32-96E4-3F168FCC85D4}"
EndProject
Project("{8BC9CEB8-8B4A-11D0-8D11-00A0C91BC942}") = "1103 Queue容器", "1103 Queue容器\03 Queue容器.vcxproj", "{579FEEE6-FECB-465D-83B8-E7312DE59610}"
EndProject
Project("{8BC9CEB8-8B4A-11D0-8D11-00A0C91BC942}") = "1104 list容器", "1104 list容器\04 list容器.vcxproj", "{7F6AEAA3-3DA8-426D-A207-E9579ED156E9}"
EndProject
Project("{8BC9CEB8-8B4A-11D0-8D11-00A0C91BC942}") = "1105 set容器", "1105 set容器\05 set容器.vcxproj", "{05D99E1C-A5D6-43C6-8BF8-3F94B7F34E0F}"
EndProject
Project("{8BC9CEB8-8B4A-11D0-8D11-00A0C91BC942}") = "1106 map容器", "1106 map容器\06 map容器.vcxproj", "{52FF966A-6793-458B-BEF8-9B80CEF5A81D}"
EndProject
Project("{8BC9CEB8-8B4A-11D0-8D11-00A0C91BC942}") = "1201 员工分组案例", "1201 员工分组案例\01 员工分组案例.vcxproj", "{BF3A7707-E586-4161-BF1E-AE5066AF2734}"
EndProject
Project("{8BC9CEB8-8B4A-11D0-8D11-00A0C91BC942}") = "1202 函数对象", "1202 函数对象\02 函数对象.vcxproj", "{5CC17C78-6811-4518-AA7E-BD0912AD393C}"
EndProject
Project("{8BC9CEB8-8B4A-11D0-8D11-00A0C91BC942}") = "1203 谓词", "1203 谓词\03 谓词.vcxproj", "{883BFEA7-4C1C-4856-97EA-A0EA2447332B}"
EndProject
Project("{8BC9CEB8-8B4A-11D0-8D11-00A0C91BC942}") = "1204 内建函数对象", "1204 内建函数对象\04 内建函数对象.vcxproj", "{25326B59-480E-411E-9AC5-81BA38A8E038}"
EndProject
Project("{8BC9CEB8-8B4A-11D0-8D11-00A0C91BC942}") = "1205 适配器", "1205 适配器\05 适配器.vcxproj", "{D3513DFD-B7EF-49EC-B623-9C4F1751B74C}"
EndProject
Project("{8BC9CEB8-8B4A-11D0-8D11-00A0C91BC942}") = "1206 常用遍历算法", "1206 常用遍历算法\06 常用遍历算法.vcxproj", "{561A0F47-60BF-4409-AD60-279FCEDAC9BD}"
EndProject
Project("{8BC9CEB8-8B4A-11D0-8D11-00A0C91BC942}") = "1207 常用查找算法", "1207 常用查找算法\07 常用查找算法.vcxproj", "{863D501C-2A6F-430C-9AC0-D13985FB6E08}"
EndProject
Project("{8BC9CEB8-8B4A-11D0-8D11-00A0C91BC942}") = "1208 常用排序算法", "1208 常用排序算法\08 常用排序算法.vcxproj", "{C1A45FFD-7C9E-4B4F-B70E-0E1153839825}"
EndProject
Project("{8BC9CEB8-8B4A-11D0-8D11-00A0C91BC942}") = "1209 常用拷贝和替换算法", "1209 常用拷贝和替换算法\09 常用拷贝和替换算法.vcxproj", "{3319F9AC-B004-46B4-A83B-18F91883D881}"
EndProject
Project("{8BC9CEB8-8B4A-11D0-8D11-00A0C91BC942}") = "1210 常用算数生成算法", "1210 常用算数生成算法\10 常用算数生成算法.vcxproj", "{EDB4B748-30FA-4A86-83C5-308236128A16}"
EndProject
Project("{8BC9CEB8-8B4A-11D0-8D11-00A0C91BC942}") = "1211 常用集合算法", "1211 常用集合算法\11 常用集合算法.vcxproj", "{65BB9C82-485E-4B9D-AA8C-63D73B4F6DD2}"
EndProject
Global
	GlobalSection(SolutionConfigurationPlatforms) = preSolution
		Debug|Win32 = Debug|Win32
		Release|Win32 = Release|Win32
	EndGlobalSection
	GlobalSection(ProjectConfigurationPlatforms) = postSolution
		{FD50C6E4-5BC3-41E6-A8D8-5428656D5C2B}.Debug|Win32.ActiveCfg = Debug|Win32
		{FD50C6E4-5BC3-41E6-A8D8-5428656D5C2B}.Debug|Win32.Build.0 = Debug|Win32
		{FD50C6E4-5BC3-41E6-A8D8-5428656D5C2B}.Release|Win32.ActiveCfg = Release|Win32
		{FD50C6E4-5BC3-41E6-A8D8-5428656D5C2B}.Release|Win32.Build.0 = Release|Win32
		{7BE46862-D479-4AEC-A41A-1C383546BAED}.Debug|Win32.ActiveCfg = Debug|Win32
		{7BE46862-D479-4AEC-A41A-1C383546BAED}.Debug|Win32.Build.0 = Debug|Win32
		{7BE46862-D479-4AEC-A41A-1C383546BAED}.Release|Win32.ActiveCfg = Release|Win32
		{7BE46862-D479-4AEC-A41A-1C383546BAED}.Release|Win32.Build.0 = Release|Win32
		{367BF28B-04F6-47BC-BF1A-9DD8AFABCC24}.Debug|Win32.ActiveCfg = Debug|Win32
		{367BF28B-04F6-47BC-BF1A-9DD8AFABCC24}.Debug|Win32.Build.0 = Debug|Win32
		{367BF28B-04F6-47BC-BF1A-9DD8AFABCC24}.Release|Win32.ActiveCfg = Release|Win32
		{367BF28B-04F6-47BC-BF1A-9DD8AFABCC24}.Release|Win32.Build.0 = Release|Win32
		{47D21BD9-B066-4D2A-8A0B-D5AF87A48EE8}.Debug|Win32.ActiveCfg = Debug|Win32
		{47D21BD9-B066-4D2A-8A0B-D5AF87A48EE8}.Debug|Win32.Build.0 = Debug|Win32
		{47D21BD9-B066-4D2A-8A0B-D5AF87A48EE8}.Release|Win32.ActiveCfg = Release|Win32
		{47D21BD9-B066-4D2A-8A0B-D5AF87A48EE8}.Release|Win32.Build.0 = Release|Win32
		{338276B7-C56F-48E1-9F82-2FA3B3AEBBFA}.Debug|Win32.ActiveCfg = Debug|Win32
		{338276B7-C56F-48E1-9F82-2FA3B3AEBBFA}.Debug|Win32.Build.0 = Debug|Win32
		{338276B7-C56F-48E1-9F82-2FA3B3AEBBFA}.Release|Win32.ActiveCfg = Release|Win32
		{338276B7-C56F-48E1-9F82-2FA3B3AEBBFA}.Release|Win32.Build.0 = Release|Win32
		{FD0767E9-CAEA-445E-9B59-B202FF67E749}.Debug|Win32.ActiveCfg = Debug|Win32
		{FD0767E9-CAEA-445E-9B59-B202FF67E749}.Debug|Win32.Build.0 = Debug|Win32
		{FD0767E9-CAEA-445E-9B59-B202FF67E749}.Release|Win32.ActiveCfg = Release|Win32
		{FD0767E9-CAEA-445E-9B59-B202FF67E749}.Release|Win32.Build.0 = Release|Win32
		{0CD27D1F-C217-4623-B00A-E6172D27E0A2}.Debug|Win32.ActiveCfg = Debug|Win32
		{0CD27D1F-C217-4623-B00A-E6172D27E0A2}.Debug|Win32.Build.0 = Debug|Win32
		{0CD27D1F-C217-4623-B00A-E6172D27E0A2}.Release|Win32.ActiveCfg = Release|Win32
		{0CD27D1F-C217-4623-B00A-E6172D27E0A2}.Release|Win32.Build.0 = Release|Win32
		{7A9C3C4A-6F7A-44D1-9341-9BBC56DDE8FB}.Debug|Win32.ActiveCfg = Debug|Win32
		{7A9C3C4A-6F7A-44D1-9341-9BBC56DDE8FB}.Debug|Win32.Build.0 = Debug|Win32
		{7A9C3C4A-6F7A-44D1-9341-9BBC56DDE8FB}.Release|Win32.ActiveCfg = Release|Win32
		{7A9C3C4A-6F7A-44D1-9341-9BBC56DDE8FB}.Release|Win32.Build.0 = Release|Win32
		{6988896E-E219-4C3B-8A86-17E920885F39}.Debug|Win32.ActiveCfg = Debug|Win32
		{6988896E-E219-4C3B-8A86-17E920885F39}.Debug|Win32.Build.0 = Debug|Win32
		{6988896E-E219-4C3B-8A86-17E920885F39}.Release|Win32.ActiveCfg = Release|Win32
		{6988896E-E219-4C3B-8A86-17E920885F39}.Release|Win32.Build.0 = Release|Win32
		{B0C593A9-1F39-4DC1-99D2-FC3576DAEA34}.Debug|Win32.ActiveCfg = Debug|Win32
		{B0C593A9-1F39-4DC1-99D2-FC3576DAEA34}.Debug|Win32.Build.0 = Debug|Win32
		{B0C593A9-1F39-4DC1-99D2-FC3576DAEA34}.Release|Win32.ActiveCfg = Release|Win32
		{B0C593A9-1F39-4DC1-99D2-FC3576DAEA34}.Release|Win32.Build.0 = Release|Win32
		{6E4F59E9-60EB-43C4-A533-CB7D9C914797}.Debug|Win32.ActiveCfg = Debug|Win32
		{6E4F59E9-60EB-43C4-A533-CB7D9C914797}.Debug|Win32.Build.0 = Debug|Win32
		{6E4F59E9-60EB-43C4-A533-CB7D9C914797}.Release|Win32.ActiveCfg = Release|Win32
		{6E4F59E9-60EB-43C4-A533-CB7D9C914797}.Release|Win32.Build.0 = Release|Win32
		{0D607B62-0F20-4908-AC9A-C65DCF3A8EDE}.Debug|Win32.ActiveCfg = Debug|Win32
		{0D607B62-0F20-4908-AC9A-C65DCF3A8EDE}.Debug|Win32.Build.0 = Debug|Win32
		{0D607B62-0F20-4908-AC9A-C65DCF3A8EDE}.Release|Win32.ActiveCfg = Release|Win32
		{0D607B62-0F20-4908-AC9A-C65DCF3A8EDE}.Release|Win32.Build.0 = Release|Win32
		{13881CE1-9499-4CAF-AEB0-9564F3F6828E}.Debug|Win32.ActiveCfg = Debug|Win32
		{13881CE1-9499-4CAF-AEB0-9564F3F6828E}.Debug|Win32.Build.0 = Debug|Win32
		{13881CE1-9499-4CAF-AEB0-9564F3F6828E}.Release|Win32.ActiveCfg = Release|Win32
		{13881CE1-9499-4CAF-AEB0-9564F3F6828E}.Release|Win32.Build.0 = Release|Win32
		{0B13C619-95C5-4D08-8A10-CF9678523689}.Debug|Win32.ActiveCfg = Debug|Win32
		{0B13C619-95C5-4D08-8A10-CF9678523689}.Debug|Win32.Build.0 = Debug|Win32
		{0B13C619-95C5-4D08-8A10-CF9678523689}.Release|Win32.ActiveCfg = Release|Win32
		{0B13C619-95C5-4D08-8A10-CF9678523689}.Release|Win32.Build.0 = Release|Win32
		{9EAB41DF-B350-4B1B-B767-84B0677AC5EC}.Debug|Win32.ActiveCfg = Debug|Win32
		{9EAB41DF-B350-4B1B-B767-84B0677AC5EC}.Debug|Win32.Build.0 = Debug|Win32
		{9EAB41DF-B350-4B1B-B767-84B0677AC5EC}.Release|Win32.ActiveCfg = Release|Win32
		{9EAB41DF-B350-4B1B-B767-84B0677AC5EC}.Release|Win32.Build.0 = Release|Win32
		{15B2443E-9859-4C79-AF12-A90193FAB72B}.Debug|Win32.ActiveCfg = Debug|Win32
		{15B2443E-9859-4C79-AF12-A90193FAB72B}.Debug|Win32.Build.0 = Debug|Win32
		{15B2443E-9859-4C79-AF12-A90193FAB72B}.Release|Win32.ActiveCfg = Release|Win32
		{15B2443E-9859-4C79-AF12-A90193FAB72B}.Release|Win32.Build.0 = Release|Win32
		{BAC82334-7412-4B63-A413-CF11A1332D20}.Debug|Win32.ActiveCfg = Debug|Win32
		{BAC82334-7412-4B63-A413-CF11A1332D20}.Debug|Win32.Build.0 = Debug|Win32
		{BAC82334-7412-4B63-A413-CF11A1332D20}.Release|Win32.ActiveCfg = Release|Win32
		{BAC82334-7412-4B63-A413-CF11A1332D20}.Release|Win32.Build.0 = Release|Win32
		{4F3EBAC8-A227-4C1A-A0BC-B3B0D37A5F14}.Debug|Win32.ActiveCfg = Debug|Win32
		{4F3EBAC8-A227-4C1A-A0BC-B3B0D37A5F14}.Debug|Win32.Build.0 = Debug|Win32
		{4F3EBAC8-A227-4C1A-A0BC-B3B0D37A5F14}.Release|Win32.ActiveCfg = Release|Win32
		{4F3EBAC8-A227-4C1A-A0BC-B3B0D37A5F14}.Release|Win32.Build.0 = Release|Win32
		{A43219A1-31D6-410C-8F8D-00CAF6CA6C8F}.Debug|Win32.ActiveCfg = Debug|Win32
		{A43219A1-31D6-410C-8F8D-00CAF6CA6C8F}.Debug|Win32.Build.0 = Debug|Win32
		{A43219A1-31D6-410C-8F8D-00CAF6CA6C8F}.Release|Win32.ActiveCfg = Release|Win32
		{A43219A1-31D6-410C-8F8D-00CAF6CA6C8F}.Release|Win32.Build.0 = Release|Win32
		{E1B48D87-F840-4065-85B9-2D47478EDDCE}.Debug|Win32.ActiveCfg = Debug|Win32
		{E1B48D87-F840-4065-85B9-2D47478EDDCE}.Debug|Win32.Build.0 = Debug|Win32
		{E1B48D87-F840-4065-85B9-2D47478EDDCE}.Release|Win32.ActiveCfg = Release|Win32
		{E1B48D87-F840-4065-85B9-2D47478EDDCE}.Release|Win32.Build.0 = Release|Win32
		{B08AFEA7-179E-4DBB-84AE-40772067893A}.Debug|Win32.ActiveCfg = Debug|Win32
		{B08AFEA7-179E-4DBB-84AE-40772067893A}.Debug|Win32.Build.0 = Debug|Win32
		{B08AFEA7-179E-4DBB-84AE-40772067893A}.Release|Win32.ActiveCfg = Release|Win32
		{B08AFEA7-179E-4DBB-84AE-40772067893A}.Release|Win32.Build.0 = Release|Win32
		{6A0D344F-8BD2-43D1-96D3-F129354DB3CB}.Debug|Win32.ActiveCfg = Debug|Win32
		{6A0D344F-8BD2-43D1-96D3-F129354DB3CB}.Debug|Win32.Build.0 = Debug|Win32
		{6A0D344F-8BD2-43D1-96D3-F129354DB3CB}.Release|Win32.ActiveCfg = Release|Win32
		{6A0D344F-8BD2-43D1-96D3-F129354DB3CB}.Release|Win32.Build.0 = Release|Win32
		{B8D48FE0-AA9B-47B1-96E2-11450E34A489}.Debug|Win32.ActiveCfg = Debug|Win32
		{B8D48FE0-AA9B-47B1-96E2-11450E34A489}.Debug|Win32.Build.0 = Debug|Win32
		{B8D48FE0-AA9B-47B1-96E2-11450E34A489}.Release|Win32.ActiveCfg = Release|Win32
		{B8D48FE0-AA9B-47B1-96E2-11450E34A489}.Release|Win32.Build.0 = Release|Win32
		{D5F9900A-C42E-4CA5-B24E-3B57EF172DEF}.Debug|Win32.ActiveCfg = Debug|Win32
		{D5F9900A-C42E-4CA5-B24E-3B57EF172DEF}.Debug|Win32.Build.0 = Debug|Win32
		{D5F9900A-C42E-4CA5-B24E-3B57EF172DEF}.Release|Win32.ActiveCfg = Release|Win32
		{D5F9900A-C42E-4CA5-B24E-3B57EF172DEF}.Release|Win32.Build.0 = Release|Win32
		{80F27DFB-C580-4AD3-9C8E-C6747DA00CD2}.Debug|Win32.ActiveCfg = Debug|Win32
		{80F27DFB-C580-4AD3-9C8E-C6747DA00CD2}.Debug|Win32.Build.0 = Debug|Win32
		{80F27DFB-C580-4AD3-9C8E-C6747DA00CD2}.Release|Win32.ActiveCfg = Release|Win32
		{80F27DFB-C580-4AD3-9C8E-C6747DA00CD2}.Release|Win32.Build.0 = Release|Win32
		{B248B6C3-0ACA-4869-94B4-1085590D41B3}.Debug|Win32.ActiveCfg = Debug|Win32
		{B248B6C3-0ACA-4869-94B4-1085590D41B3}.Debug|Win32.Build.0 = Debug|Win32
		{B248B6C3-0ACA-4869-94B4-1085590D41B3}.Release|Win32.ActiveCfg = Release|Win32
		{B248B6C3-0ACA-4869-94B4-1085590D41B3}.Release|Win32.Build.0 = Release|Win32
		{106DCE9D-3EC2-4137-95E9-75970DFB8DDE}.Debug|Win32.ActiveCfg = Debug|Win32
		{106DCE9D-3EC2-4137-95E9-75970DFB8DDE}.Debug|Win32.Build.0 = Debug|Win32
		{106DCE9D-3EC2-4137-95E9-75970DFB8DDE}.Release|Win32.ActiveCfg = Release|Win32
		{106DCE9D-3EC2-4137-95E9-75970DFB8DDE}.Release|Win32.Build.0 = Release|Win32
		{1552693A-7031-43F1-8929-C38C515A25D2}.Debug|Win32.ActiveCfg = Debug|Win32
		{1552693A-7031-43F1-8929-C38C515A25D2}.Debug|Win32.Build.0 = Debug|Win32
		{1552693A-7031-43F1-8929-C38C515A25D2}.Release|Win32.ActiveCfg = Release|Win32
		{1552693A-7031-43F1-8929-C38C515A25D2}.Release|Win32.Build.0 = Release|Win32
		{3B77F6D7-E0F6-4348-BA70-B0B6D52C8F82}.Debug|Win32.ActiveCfg = Debug|Win32
		{3B77F6D7-E0F6-4348-BA70-B0B6D52C8F82}.Debug|Win32.Build.0 = Debug|Win32
		{3B77F6D7-E0F6-4348-BA70-B0B6D52C8F82}.Release|Win32.ActiveCfg = Release|Win32
		{3B77F6D7-E0F6-4348-BA70-B0B6D52C8F82}.Release|Win32.Build.0 = Release|Win32
		{FCAA91FE-D570-4319-8691-7D80A6DF4CA7}.Debug|Win32.ActiveCfg = Debug|Win32
		{FCAA91FE-D570-4319-8691-7D80A6DF4CA7}.Debug|Win32.Build.0 = Debug|Win32
		{FCAA91FE-D570-4319-8691-7D80A6DF4CA7}.Release|Win32.ActiveCfg = Release|Win32
		{FCAA91FE-D570-4319-8691-7D80A6DF4CA7}.Release|Win32.Build.0 = Release|Win32
		{D1D29F05-ECD9-42C8-B81F-CD35EE4D3E80}.Debug|Win32.ActiveCfg = Debug|Win32
		{D1D29F05-ECD9-42C8-B81F-CD35EE4D3E80}.Debug|Win32.Build.0 = Debug|Win32
		{D1D29F05-ECD9-42C8-B81F-CD35EE4D3E80}.Release|Win32.ActiveCfg = Release|Win32
		{D1D29F05-ECD9-42C8-B81F-CD35EE4D3E80}.Release|Win32.Build.0 = Release|Win32
		{4DA421A9-78AC-4B0E-94FE-4236DD58CD25}.Debug|Win32.ActiveCfg = Debug|Win32
		{4DA421A9-78AC-4B0E-94FE-4236DD58CD25}.Debug|Win32.Build.0 = Debug|Win32
		{4DA421A9-78AC-4B0E-94FE-4236DD58CD25}.Release|Win32.ActiveCfg = Release|Win32
		{4DA421A9-78AC-4B0E-94FE-4236DD58CD25}.Release|Win32.Build.0 = Release|Win32
		{D3A0860A-D893-403D-8D79-6AE18D833084}.Debug|Win32.ActiveCfg = Debug|Win32
		{D3A0860A-D893-403D-8D79-6AE18D833084}.Debug|Win32.Build.0 = Debug|Win32
		{D3A0860A-D893-403D-8D79-6AE18D833084}.Release|Win32.ActiveCfg = Release|Win32
		{D3A0860A-D893-403D-8D79-6AE18D833084}.Release|Win32.Build.0 = Release|Win32
		{70209FAE-5CEF-48AB-9792-CAF343E12192}.Debug|Win32.ActiveCfg = Debug|Win32
		{70209FAE-5CEF-48AB-9792-CAF343E12192}.Debug|Win32.Build.0 = Debug|Win32
		{70209FAE-5CEF-48AB-9792-CAF343E12192}.Release|Win32.ActiveCfg = Release|Win32
		{70209FAE-5CEF-48AB-9792-CAF343E12192}.Release|Win32.Build.0 = Release|Win32
		{DB8B497E-688D-44A0-9ACD-127C6346E071}.Debug|Win32.ActiveCfg = Debug|Win32
		{DB8B497E-688D-44A0-9ACD-127C6346E071}.Debug|Win32.Build.0 = Debug|Win32
		{DB8B497E-688D-44A0-9ACD-127C6346E071}.Release|Win32.ActiveCfg = Release|Win32
		{DB8B497E-688D-44A0-9ACD-127C6346E071}.Release|Win32.Build.0 = Release|Win32
		{EAFB4B71-20BB-4F1A-B5D0-9E118F13338D}.Debug|Win32.ActiveCfg = Debug|Win32
		{EAFB4B71-20BB-4F1A-B5D0-9E118F13338D}.Debug|Win32.Build.0 = Debug|Win32
		{EAFB4B71-20BB-4F1A-B5D0-9E118F13338D}.Release|Win32.ActiveCfg = Release|Win32
		{EAFB4B71-20BB-4F1A-B5D0-9E118F13338D}.Release|Win32.Build.0 = Release|Win32
		{FF54ABD8-5A10-4BE6-806F-B999EAD92BA0}.Debug|Win32.ActiveCfg = Debug|Win32
		{FF54ABD8-5A10-4BE6-806F-B999EAD92BA0}.Debug|Win32.Build.0 = Debug|Win32
		{FF54ABD8-5A10-4BE6-806F-B999EAD92BA0}.Release|Win32.ActiveCfg = Release|Win32
		{FF54ABD8-5A10-4BE6-806F-B999EAD92BA0}.Release|Win32.Build.0 = Release|Win32
		{71229D0E-532B-4FF8-A7CA-98B73082D0A5}.Debug|Win32.ActiveCfg = Debug|Win32
		{71229D0E-532B-4FF8-A7CA-98B73082D0A5}.Debug|Win32.Build.0 = Debug|Win32
		{71229D0E-532B-4FF8-A7CA-98B73082D0A5}.Release|Win32.ActiveCfg = Release|Win32
		{71229D0E-532B-4FF8-A7CA-98B73082D0A5}.Release|Win32.Build.0 = Release|Win32
		{09195BC1-8E7D-4887-B499-2C3CBA3C4358}.Debug|Win32.ActiveCfg = Debug|Win32
		{09195BC1-8E7D-4887-B499-2C3CBA3C4358}.Debug|Win32.Build.0 = Debug|Win32
		{09195BC1-8E7D-4887-B499-2C3CBA3C4358}.Release|Win32.ActiveCfg = Release|Win32
		{09195BC1-8E7D-4887-B499-2C3CBA3C4358}.Release|Win32.Build.0 = Release|Win32
		{E37EB22D-EB61-41E0-B8EF-C7C83439F5C8}.Debug|Win32.ActiveCfg = Debug|Win32
		{E37EB22D-EB61-41E0-B8EF-C7C83439F5C8}.Debug|Win32.Build.0 = Debug|Win32
		{E37EB22D-EB61-41E0-B8EF-C7C83439F5C8}.Release|Win32.ActiveCfg = Release|Win32
		{E37EB22D-EB61-41E0-B8EF-C7C83439F5C8}.Release|Win32.Build.0 = Release|Win32
		{424465B5-641B-4446-87C8-B831893A8317}.Debug|Win32.ActiveCfg = Debug|Win32
		{424465B5-641B-4446-87C8-B831893A8317}.Debug|Win32.Build.0 = Debug|Win32
		{424465B5-641B-4446-87C8-B831893A8317}.Release|Win32.ActiveCfg = Release|Win32
		{424465B5-641B-4446-87C8-B831893A8317}.Release|Win32.Build.0 = Release|Win32
		{DDC0A8FD-063C-4C3E-A3C0-367C78B2B0C3}.Debug|Win32.ActiveCfg = Debug|Win32
		{DDC0A8FD-063C-4C3E-A3C0-367C78B2B0C3}.Debug|Win32.Build.0 = Debug|Win32
		{DDC0A8FD-063C-4C3E-A3C0-367C78B2B0C3}.Release|Win32.ActiveCfg = Release|Win32
		{DDC0A8FD-063C-4C3E-A3C0-367C78B2B0C3}.Release|Win32.Build.0 = Release|Win32
		{8C96E1AB-4468-4128-9073-58EF4018EA03}.Debug|Win32.ActiveCfg = Debug|Win32
		{8C96E1AB-4468-4128-9073-58EF4018EA03}.Debug|Win32.Build.0 = Debug|Win32
		{8C96E1AB-4468-4128-9073-58EF4018EA03}.Release|Win32.ActiveCfg = Release|Win32
		{8C96E1AB-4468-4128-9073-58EF4018EA03}.Release|Win32.Build.0 = Release|Win32
		{55A00223-22F3-4DE4-A14C-6B8FA21EF7C7}.Debug|Win32.ActiveCfg = Debug|Win32
		{55A00223-22F3-4DE4-A14C-6B8FA21EF7C7}.Debug|Win32.Build.0 = Debug|Win32
		{55A00223-22F3-4DE4-A14C-6B8FA21EF7C7}.Release|Win32.ActiveCfg = Release|Win32
		{55A00223-22F3-4DE4-A14C-6B8FA21EF7C7}.Release|Win32.Build.0 = Release|Win32
		{FED379A6-4F97-4B54-B0CF-D8CAD14CE31D}.Debug|Win32.ActiveCfg = Debug|Win32
		{FED379A6-4F97-4B54-B0CF-D8CAD14CE31D}.Debug|Win32.Build.0 = Debug|Win32
		{FED379A6-4F97-4B54-B0CF-D8CAD14CE31D}.Release|Win32.ActiveCfg = Release|Win32
		{FED379A6-4F97-4B54-B0CF-D8CAD14CE31D}.Release|Win32.Build.0 = Release|Win32
		{D7BA35A3-50F3-4FB1-876B-6FC946BBD577}.Debug|Win32.ActiveCfg = Debug|Win32
		{D7BA35A3-50F3-4FB1-876B-6FC946BBD577}.Debug|Win32.Build.0 = Debug|Win32
		{D7BA35A3-50F3-4FB1-876B-6FC946BBD577}.Release|Win32.ActiveCfg = Release|Win32
		{D7BA35A3-50F3-4FB1-876B-6FC946BBD577}.Release|Win32.Build.0 = Release|Win32
		{265CC3B8-B80C-4507-950E-2D4808F88EED}.Debug|Win32.ActiveCfg = Debug|Win32
		{265CC3B8-B80C-4507-950E-2D4808F88EED}.Debug|Win32.Build.0 = Debug|Win32
		{265CC3B8-B80C-4507-950E-2D4808F88EED}.Release|Win32.ActiveCfg = Release|Win32
		{265CC3B8-B80C-4507-950E-2D4808F88EED}.Release|Win32.Build.0 = Release|Win32
		{1974D0E6-D4BF-4FCF-B769-B1BAC8D15D0A}.Debug|Win32.ActiveCfg = Debug|Win32
		{1974D0E6-D4BF-4FCF-B769-B1BAC8D15D0A}.Debug|Win32.Build.0 = Debug|Win32
		{1974D0E6-D4BF-4FCF-B769-B1BAC8D15D0A}.Release|Win32.ActiveCfg = Release|Win32
		{1974D0E6-D4BF-4FCF-B769-B1BAC8D15D0A}.Release|Win32.Build.0 = Release|Win32
		{C7B25A7E-0870-47D0-99B5-23B9DE3BB762}.Debug|Win32.ActiveCfg = Debug|Win32
		{C7B25A7E-0870-47D0-99B5-23B9DE3BB762}.Debug|Win32.Build.0 = Debug|Win32
		{C7B25A7E-0870-47D0-99B5-23B9DE3BB762}.Release|Win32.ActiveCfg = Release|Win32
		{C7B25A7E-0870-47D0-99B5-23B9DE3BB762}.Release|Win32.Build.0 = Release|Win32
		{BF4A67AC-C1B6-4D98-B702-32FDDD8C882B}.Debug|Win32.ActiveCfg = Debug|Win32
		{BF4A67AC-C1B6-4D98-B702-32FDDD8C882B}.Debug|Win32.Build.0 = Debug|Win32
		{BF4A67AC-C1B6-4D98-B702-32FDDD8C882B}.Release|Win32.ActiveCfg = Release|Win32
		{BF4A67AC-C1B6-4D98-B702-32FDDD8C882B}.Release|Win32.Build.0 = Release|Win32
		{50FA491E-DB39-4070-81D2-844AC3BC4757}.Debug|Win32.ActiveCfg = Debug|Win32
		{50FA491E-DB39-4070-81D2-844AC3BC4757}.Debug|Win32.Build.0 = Debug|Win32
		{50FA491E-DB39-4070-81D2-844AC3BC4757}.Release|Win32.ActiveCfg = Release|Win32
		{50FA491E-DB39-4070-81D2-844AC3BC4757}.Release|Win32.Build.0 = Release|Win32
		{2B193D06-49A8-4BE2-91AC-BB64055E9789}.Debug|Win32.ActiveCfg = Debug|Win32
		{2B193D06-49A8-4BE2-91AC-BB64055E9789}.Debug|Win32.Build.0 = Debug|Win32
		{2B193D06-49A8-4BE2-91AC-BB64055E9789}.Release|Win32.ActiveCfg = Release|Win32
		{2B193D06-49A8-4BE2-91AC-BB64055E9789}.Release|Win32.Build.0 = Release|Win32
		{3B9F857A-772F-44B1-B9CA-4AC60D632E38}.Debug|Win32.ActiveCfg = Debug|Win32
		{3B9F857A-772F-44B1-B9CA-4AC60D632E38}.Debug|Win32.Build.0 = Debug|Win32
		{3B9F857A-772F-44B1-B9CA-4AC60D632E38}.Release|Win32.ActiveCfg = Release|Win32
		{3B9F857A-772F-44B1-B9CA-4AC60D632E38}.Release|Win32.Build.0 = Release|Win32
		{03604009-6BB4-44A9-ABC9-FE5DAC17D70D}.Debug|Win32.ActiveCfg = Debug|Win32
		{03604009-6BB4-44A9-ABC9-FE5DAC17D70D}.Debug|Win32.Build.0 = Debug|Win32
		{03604009-6BB4-44A9-ABC9-FE5DAC17D70D}.Release|Win32.ActiveCfg = Release|Win32
		{03604009-6BB4-44A9-ABC9-FE5DAC17D70D}.Release|Win32.Build.0 = Release|Win32
		{824F5A76-2E5F-4632-BD54-E250B9610696}.Debug|Win32.ActiveCfg = Debug|Win32
		{824F5A76-2E5F-4632-BD54-E250B9610696}.Debug|Win32.Build.0 = Debug|Win32
		{824F5A76-2E5F-4632-BD54-E250B9610696}.Release|Win32.ActiveCfg = Release|Win32
		{824F5A76-2E5F-4632-BD54-E250B9610696}.Release|Win32.Build.0 = Release|Win32
		{9A78F84C-C111-42A6-9590-24BA1096AC41}.Debug|Win32.ActiveCfg = Debug|Win32
		{9A78F84C-C111-42A6-9590-24BA1096AC41}.Debug|Win32.Build.0 = Debug|Win32
		{9A78F84C-C111-42A6-9590-24BA1096AC41}.Release|Win32.ActiveCfg = Release|Win32
		{9A78F84C-C111-42A6-9590-24BA1096AC41}.Release|Win32.Build.0 = Release|Win32
		{6F2AE9F6-1FCE-49EB-AB8F-863CFA142104}.Debug|Win32.ActiveCfg = Debug|Win32
		{6F2AE9F6-1FCE-49EB-AB8F-863CFA142104}.Debug|Win32.Build.0 = Debug|Win32
		{6F2AE9F6-1FCE-49EB-AB8F-863CFA142104}.Release|Win32.ActiveCfg = Release|Win32
		{6F2AE9F6-1FCE-49EB-AB8F-863CFA142104}.Release|Win32.Build.0 = Release|Win32
		{CAC97027-689A-4B4E-99EE-90350D4D4CBC}.Debug|Win32.ActiveCfg = Debug|Win32
		{CAC97027-689A-4B4E-99EE-90350D4D4CBC}.Debug|Win32.Build.0 = Debug|Win32
		{CAC97027-689A-4B4E-99EE-90350D4D4CBC}.Release|Win32.ActiveCfg = Release|Win32
		{CAC97027-689A-4B4E-99EE-90350D4D4CBC}.Release|Win32.Build.0 = Release|Win32
		{20AB8592-5C96-4A2C-9418-E7A043995C1F}.Debug|Win32.ActiveCfg = Debug|Win32
		{20AB8592-5C96-4A2C-9418-E7A043995C1F}.Debug|Win32.Build.0 = Debug|Win32
		{20AB8592-5C96-4A2C-9418-E7A043995C1F}.Release|Win32.ActiveCfg = Release|Win32
		{20AB8592-5C96-4A2C-9418-E7A043995C1F}.Release|Win32.Build.0 = Release|Win32
		{3CCCB647-0622-4063-B31A-5ABF8A49E088}.Debug|Win32.ActiveCfg = Debug|Win32
		{3CCCB647-0622-4063-B31A-5ABF8A49E088}.Debug|Win32.Build.0 = Debug|Win32
		{3CCCB647-0622-4063-B31A-5ABF8A49E088}.Release|Win32.ActiveCfg = Release|Win32
		{3CCCB647-0622-4063-B31A-5ABF8A49E088}.Release|Win32.Build.0 = Release|Win32
		{8C66FAEA-C967-4D89-A804-797781AD8DF5}.Debug|Win32.ActiveCfg = Debug|Win32
		{8C66FAEA-C967-4D89-A804-797781AD8DF5}.Debug|Win32.Build.0 = Debug|Win32
		{8C66FAEA-C967-4D89-A804-797781AD8DF5}.Release|Win32.ActiveCfg = Release|Win32
		{8C66FAEA-C967-4D89-A804-797781AD8DF5}.Release|Win32.Build.0 = Release|Win32
		{9E14436B-EF6D-41B1-9202-5FB65A9DACDC}.Debug|Win32.ActiveCfg = Debug|Win32
		{9E14436B-EF6D-41B1-9202-5FB65A9DACDC}.Debug|Win32.Build.0 = Debug|Win32
		{9E14436B-EF6D-41B1-9202-5FB65A9DACDC}.Release|Win32.ActiveCfg = Release|Win32
		{9E14436B-EF6D-41B1-9202-5FB65A9DACDC}.Release|Win32.Build.0 = Release|Win32
		{1C82BCF9-528B-4DD2-A0E8-F76FE7C1E92B}.Debug|Win32.ActiveCfg = Debug|Win32
		{1C82BCF9-528B-4DD2-A0E8-F76FE7C1E92B}.Debug|Win32.Build.0 = Debug|Win32
		{1C82BCF9-528B-4DD2-A0E8-F76FE7C1E92B}.Release|Win32.ActiveCfg = Release|Win32
		{1C82BCF9-528B-4DD2-A0E8-F76FE7C1E92B}.Release|Win32.Build.0 = Release|Win32
		{7D7AFDE6-F87C-44DE-A030-0BDF36E45E1C}.Debug|Win32.ActiveCfg = Debug|Win32
		{7D7AFDE6-F87C-44DE-A030-0BDF36E45E1C}.Debug|Win32.Build.0 = Debug|Win32
		{7D7AFDE6-F87C-44DE-A030-0BDF36E45E1C}.Release|Win32.ActiveCfg = Release|Win32
		{7D7AFDE6-F87C-44DE-A030-0BDF36E45E1C}.Release|Win32.Build.0 = Release|Win32
		{43F22C5B-AB80-499B-AF5A-A73DB766D372}.Debug|Win32.ActiveCfg = Debug|Win32
		{43F22C5B-AB80-499B-AF5A-A73DB766D372}.Debug|Win32.Build.0 = Debug|Win32
		{43F22C5B-AB80-499B-AF5A-A73DB766D372}.Release|Win32.ActiveCfg = Release|Win32
		{43F22C5B-AB80-499B-AF5A-A73DB766D372}.Release|Win32.Build.0 = Release|Win32
		{DBB2B1BC-7451-48AD-B15E-1AB07E810662}.Debug|Win32.ActiveCfg = Debug|Win32
		{DBB2B1BC-7451-48AD-B15E-1AB07E810662}.Debug|Win32.Build.0 = Debug|Win32
		{DBB2B1BC-7451-48AD-B15E-1AB07E810662}.Release|Win32.ActiveCfg = Release|Win32
		{DBB2B1BC-7451-48AD-B15E-1AB07E810662}.Release|Win32.Build.0 = Release|Win32
		{84A5878E-CE26-478C-8FAD-5057B615040E}.Debug|Win32.ActiveCfg = Debug|Win32
		{84A5878E-CE26-478C-8FAD-5057B615040E}.Debug|Win32.Build.0 = Debug|Win32
		{84A5878E-CE26-478C-8FAD-5057B615040E}.Release|Win32.ActiveCfg = Release|Win32
		{84A5878E-CE26-478C-8FAD-5057B615040E}.Release|Win32.Build.0 = Release|Win32
		{77E18BEB-0B54-4C0F-9755-25258FE4ED67}.Debug|Win32.ActiveCfg = Debug|Win32
		{77E18BEB-0B54-4C0F-9755-25258FE4ED67}.Debug|Win32.Build.0 = Debug|Win32
		{77E18BEB-0B54-4C0F-9755-25258FE4ED67}.Release|Win32.ActiveCfg = Release|Win32
		{77E18BEB-0B54-4C0F-9755-25258FE4ED67}.Release|Win32.Build.0 = Release|Win32
		{B75DDDAE-6E47-481B-A3A8-ED297A981782}.Debug|Win32.ActiveCfg = Debug|Win32
		{B75DDDAE-6E47-481B-A3A8-ED297A981782}.Debug|Win32.Build.0 = Debug|Win32
		{B75DDDAE-6E47-481B-A3A8-ED297A981782}.Release|Win32.ActiveCfg = Release|Win32
		{B75DDDAE-6E47-481B-A3A8-ED297A981782}.Release|Win32.Build.0 = Release|Win32
		{28113A2F-4969-4568-92C2-825797E64C3F}.Debug|Win32.ActiveCfg = Debug|Win32
		{28113A2F-4969-4568-92C2-825797E64C3F}.Debug|Win32.Build.0 = Debug|Win32
		{28113A2F-4969-4568-92C2-825797E64C3F}.Release|Win32.ActiveCfg = Release|Win32
		{28113A2F-4969-4568-92C2-825797E64C3F}.Release|Win32.Build.0 = Release|Win32
		{F8271D92-2CD3-40C0-9B8F-17FBA8586DF1}.Debug|Win32.ActiveCfg = Debug|Win32
		{F8271D92-2CD3-40C0-9B8F-17FBA8586DF1}.Debug|Win32.Build.0 = Debug|Win32
		{F8271D92-2CD3-40C0-9B8F-17FBA8586DF1}.Release|Win32.ActiveCfg = Release|Win32
		{F8271D92-2CD3-40C0-9B8F-17FBA8586DF1}.Release|Win32.Build.0 = Release|Win32
		{E3162A85-FC79-45BE-B5AF-BE81F1D03CE1}.Debug|Win32.ActiveCfg = Debug|Win32
		{E3162A85-FC79-45BE-B5AF-BE81F1D03CE1}.Debug|Win32.Build.0 = Debug|Win32
		{E3162A85-FC79-45BE-B5AF-BE81F1D03CE1}.Release|Win32.ActiveCfg = Release|Win32
		{E3162A85-FC79-45BE-B5AF-BE81F1D03CE1}.Release|Win32.Build.0 = Release|Win32
		{9DA21F2A-0D4E-4A44-B5E2-82F38D9F1FB6}.Debug|Win32.ActiveCfg = Debug|Win32
		{9DA21F2A-0D4E-4A44-B5E2-82F38D9F1FB6}.Debug|Win32.Build.0 = Debug|Win32
		{9DA21F2A-0D4E-4A44-B5E2-82F38D9F1FB6}.Release|Win32.ActiveCfg = Release|Win32
		{9DA21F2A-0D4E-4A44-B5E2-82F38D9F1FB6}.Release|Win32.Build.0 = Release|Win32
		{A22B8FEA-9C4D-430C-A492-F366A4233587}.Debug|Win32.ActiveCfg = Debug|Win32
		{A22B8FEA-9C4D-430C-A492-F366A4233587}.Debug|Win32.Build.0 = Debug|Win32
		{A22B8FEA-9C4D-430C-A492-F366A4233587}.Release|Win32.ActiveCfg = Release|Win32
		{A22B8FEA-9C4D-430C-A492-F366A4233587}.Release|Win32.Build.0 = Release|Win32
		{1387EC96-99CA-418A-AB74-6C67372FA2D0}.Debug|Win32.ActiveCfg = Debug|Win32
		{1387EC96-99CA-418A-AB74-6C67372FA2D0}.Debug|Win32.Build.0 = Debug|Win32
		{1387EC96-99CA-418A-AB74-6C67372FA2D0}.Release|Win32.ActiveCfg = Release|Win32
		{1387EC96-99CA-418A-AB74-6C67372FA2D0}.Release|Win32.Build.0 = Release|Win32
		{1ED23D1E-11CA-41E4-8ADC-40E11E0A639E}.Debug|Win32.ActiveCfg = Debug|Win32
		{1ED23D1E-11CA-41E4-8ADC-40E11E0A639E}.Debug|Win32.Build.0 = Debug|Win32
		{1ED23D1E-11CA-41E4-8ADC-40E11E0A639E}.Release|Win32.ActiveCfg = Release|Win32
		{1ED23D1E-11CA-41E4-8ADC-40E11E0A639E}.Release|Win32.Build.0 = Release|Win32
		{9D525390-8FB0-43C8-939D-D599351874A4}.Debug|Win32.ActiveCfg = Debug|Win32
		{9D525390-8FB0-43C8-939D-D599351874A4}.Debug|Win32.Build.0 = Debug|Win32
		{9D525390-8FB0-43C8-939D-D599351874A4}.Release|Win32.ActiveCfg = Release|Win32
		{9D525390-8FB0-43C8-939D-D599351874A4}.Release|Win32.Build.0 = Release|Win32
		{F7EF09AB-B30C-4CF1-A333-A4FE9C82DD7A}.Debug|Win32.ActiveCfg = Debug|Win32
		{F7EF09AB-B30C-4CF1-A333-A4FE9C82DD7A}.Debug|Win32.Build.0 = Debug|Win32
		{F7EF09AB-B30C-4CF1-A333-A4FE9C82DD7A}.Release|Win32.ActiveCfg = Release|Win32
		{F7EF09AB-B30C-4CF1-A333-A4FE9C82DD7A}.Release|Win32.Build.0 = Release|Win32
		{E01C385F-5210-4AB5-8405-AA3643328994}.Debug|Win32.ActiveCfg = Debug|Win32
		{E01C385F-5210-4AB5-8405-AA3643328994}.Debug|Win32.Build.0 = Debug|Win32
		{E01C385F-5210-4AB5-8405-AA3643328994}.Release|Win32.ActiveCfg = Release|Win32
		{E01C385F-5210-4AB5-8405-AA3643328994}.Release|Win32.Build.0 = Release|Win32
		{4C808C13-4FC0-4417-94F5-29B049D63763}.Debug|Win32.ActiveCfg = Debug|Win32
		{4C808C13-4FC0-4417-94F5-29B049D63763}.Debug|Win32.Build.0 = Debug|Win32
		{4C808C13-4FC0-4417-94F5-29B049D63763}.Release|Win32.ActiveCfg = Release|Win32
		{4C808C13-4FC0-4417-94F5-29B049D63763}.Release|Win32.Build.0 = Release|Win32
		{AE36E4E7-3E86-449A-882E-0FFA13773276}.Debug|Win32.ActiveCfg = Debug|Win32
		{AE36E4E7-3E86-449A-882E-0FFA13773276}.Debug|Win32.Build.0 = Debug|Win32
		{AE36E4E7-3E86-449A-882E-0FFA13773276}.Release|Win32.ActiveCfg = Release|Win32
		{AE36E4E7-3E86-449A-882E-0FFA13773276}.Release|Win32.Build.0 = Release|Win32
		{129E5B97-DA31-4073-A947-798B3C8657EA}.Debug|Win32.ActiveCfg = Debug|Win32
		{129E5B97-DA31-4073-A947-798B3C8657EA}.Debug|Win32.Build.0 = Debug|Win32
		{129E5B97-DA31-4073-A947-798B3C8657EA}.Release|Win32.ActiveCfg = Release|Win32
		{129E5B97-DA31-4073-A947-798B3C8657EA}.Release|Win32.Build.0 = Release|Win32
		{715C5F3F-264F-4206-AB9D-901310276F53}.Debug|Win32.ActiveCfg = Debug|Win32
		{715C5F3F-264F-4206-AB9D-901310276F53}.Debug|Win32.Build.0 = Debug|Win32
		{715C5F3F-264F-4206-AB9D-901310276F53}.Release|Win32.ActiveCfg = Release|Win32
		{715C5F3F-264F-4206-AB9D-901310276F53}.Release|Win32.Build.0 = Release|Win32
		{E5FBF521-08CB-4148-9073-75C6F8EA646D}.Debug|Win32.ActiveCfg = Debug|Win32
		{E5FBF521-08CB-4148-9073-75C6F8EA646D}.Debug|Win32.Build.0 = Debug|Win32
		{E5FBF521-08CB-4148-9073-75C6F8EA646D}.Release|Win32.ActiveCfg = Release|Win32
		{E5FBF521-08CB-4148-9073-75C6F8EA646D}.Release|Win32.Build.0 = Release|Win32
		{6495224E-DE0E-4E7A-9603-8BDF34AB3259}.Debug|Win32.ActiveCfg = Debug|Win32
		{6495224E-DE0E-4E7A-9603-8BDF34AB3259}.Debug|Win32.Build.0 = Debug|Win32
		{6495224E-DE0E-4E7A-9603-8BDF34AB3259}.Release|Win32.ActiveCfg = Release|Win32
		{6495224E-DE0E-4E7A-9603-8BDF34AB3259}.Release|Win32.Build.0 = Release|Win32
		{4807EBD6-BB95-45B2-98DF-381EC6C2C738}.Debug|Win32.ActiveCfg = Debug|Win32
		{4807EBD6-BB95-45B2-98DF-381EC6C2C738}.Debug|Win32.Build.0 = Debug|Win32
		{4807EBD6-BB95-45B2-98DF-381EC6C2C738}.Release|Win32.ActiveCfg = Release|Win32
		{4807EBD6-BB95-45B2-98DF-381EC6C2C738}.Release|Win32.Build.0 = Release|Win32
		{DFE2BB65-E529-4216-AF88-E8DC03F9CBE0}.Debug|Win32.ActiveCfg = Debug|Win32
		{DFE2BB65-E529-4216-AF88-E8DC03F9CBE0}.Debug|Win32.Build.0 = Debug|Win32
		{DFE2BB65-E529-4216-AF88-E8DC03F9CBE0}.Release|Win32.ActiveCfg = Release|Win32
		{DFE2BB65-E529-4216-AF88-E8DC03F9CBE0}.Release|Win32.Build.0 = Release|Win32
		{0ECA6CFD-7828-451A-9F9C-0BD3A95A07EB}.Debug|Win32.ActiveCfg = Debug|Win32
		{0ECA6CFD-7828-451A-9F9C-0BD3A95A07EB}.Debug|Win32.Build.0 = Debug|Win32
		{0ECA6CFD-7828-451A-9F9C-0BD3A95A07EB}.Release|Win32.ActiveCfg = Release|Win32
		{0ECA6CFD-7828-451A-9F9C-0BD3A95A07EB}.Release|Win32.Build.0 = Release|Win32
		{0EF6D078-8C43-4E44-AB1D-B91F0263CFDD}.Debug|Win32.ActiveCfg = Debug|Win32
		{0EF6D078-8C43-4E44-AB1D-B91F0263CFDD}.Debug|Win32.Build.0 = Debug|Win32
		{0EF6D078-8C43-4E44-AB1D-B91F0263CFDD}.Release|Win32.ActiveCfg = Release|Win32
		{0EF6D078-8C43-4E44-AB1D-B91F0263CFDD}.Release|Win32.Build.0 = Release|Win32
		{C2ACBB07-7342-4F32-96E4-3F168FCC85D4}.Debug|Win32.ActiveCfg = Debug|Win32
		{C2ACBB07-7342-4F32-96E4-3F168FCC85D4}.Debug|Win32.Build.0 = Debug|Win32
		{C2ACBB07-7342-4F32-96E4-3F168FCC85D4}.Release|Win32.ActiveCfg = Release|Win32
		{C2ACBB07-7342-4F32-96E4-3F168FCC85D4}.Release|Win32.Build.0 = Release|Win32
		{579FEEE6-FECB-465D-83B8-E7312DE59610}.Debug|Win32.ActiveCfg = Debug|Win32
		{579FEEE6-FECB-465D-83B8-E7312DE59610}.Debug|Win32.Build.0 = Debug|Win32
		{579FEEE6-FECB-465D-83B8-E7312DE59610}.Release|Win32.ActiveCfg = Release|Win32
		{579FEEE6-FECB-465D-83B8-E7312DE59610}.Release|Win32.Build.0 = Release|Win32
		{7F6AEAA3-3DA8-426D-A207-E9579ED156E9}.Debug|Win32.ActiveCfg = Debug|Win32
		{7F6AEAA3-3DA8-426D-A207-E9579ED156E9}.Debug|Win32.Build.0 = Debug|Win32
		{7F6AEAA3-3DA8-426D-A207-E9579ED156E9}.Release|Win32.ActiveCfg = Release|Win32
		{7F6AEAA3-3DA8-426D-A207-E9579ED156E9}.Release|Win32.Build.0 = Release|Win32
		{05D99E1C-A5D6-43C6-8BF8-3F94B7F34E0F}.Debug|Win32.ActiveCfg = Debug|Win32
		{05D99E1C-A5D6-43C6-8BF8-3F94B7F34E0F}.Debug|Win32.Build.0 = Debug|Win32
		{05D99E1C-A5D6-43C6-8BF8-3F94B7F34E0F}.Release|Win32.ActiveCfg = Release|Win32
		{05D99E1C-A5D6-43C6-8BF8-3F94B7F34E0F}.Release|Win32.Build.0 = Release|Win32
		{52FF966A-6793-458B-BEF8-9B80CEF5A81D}.Debug|Win32.ActiveCfg = Debug|Win32
		{52FF966A-6793-458B-BEF8-9B80CEF5A81D}.Debug|Win32.Build.0 = Debug|Win32
		{52FF966A-6793-458B-BEF8-9B80CEF5A81D}.Release|Win32.ActiveCfg = Release|Win32
		{52FF966A-6793-458B-BEF8-9B80CEF5A81D}.Release|Win32.Build.0 = Release|Win32
		{BF3A7707-E586-4161-BF1E-AE5066AF2734}.Debug|Win32.ActiveCfg = Debug|Win32
		{BF3A7707-E586-4161-BF1E-AE5066AF2734}.Debug|Win32.Build.0 = Debug|Win32
		{BF3A7707-E586-4161-BF1E-AE5066AF2734}.Release|Win32.ActiveCfg = Release|Win32
		{BF3A7707-E586-4161-BF1E-AE5066AF2734}.Release|Win32.Build.0 = Release|Win32
		{5CC17C78-6811-4518-AA7E-BD0912AD393C}.Debug|Win32.ActiveCfg = Debug|Win32
		{5CC17C78-6811-4518-AA7E-BD0912AD393C}.Debug|Win32.Build.0 = Debug|Win32
		{5CC17C78-6811-4518-AA7E-BD0912AD393C}.Release|Win32.ActiveCfg = Release|Win32
		{5CC17C78-6811-4518-AA7E-BD0912AD393C}.Release|Win32.Build.0 = Release|Win32
		{883BFEA7-4C1C-4856-97EA-A0EA2447332B}.Debug|Win32.ActiveCfg = Debug|Win32
		{883BFEA7-4C1C-4856-97EA-A0EA2447332B}.Debug|Win32.Build.0 = Debug|Win32
		{883BFEA7-4C1C-4856-97EA-A0EA2447332B}.Release|Win32.ActiveCfg = Release|Win32
		{883BFEA7-4C1C-4856-97EA-A0EA2447332B}.Release|Win32.Build.0 = Release|Win32
		{25326B59-480E-411E-9AC5-81BA38A8E038}.Debug|Win32.ActiveCfg = Debug|Win32
		{25326B59-480E-411E-9AC5-81BA38A8E038}.Debug|Win32.Build.0 = Debug|Win32
		{25326B59-480E-411E-9AC5-81BA38A8E038}.Release|Win32.ActiveCfg = Release|Win32
		{25326B59-480E-411E-9AC5-81BA38A8E038}.Release|Win32.Build.0 = Release|Win32
		{D3513DFD-B7EF-49EC-B623-9C4F1751B74C}.Debug|Win32.ActiveCfg = Debug|Win32
		{D3513DFD-B7EF-49EC-B623-9C4F1751B74C}.Debug|Win32.Build.0 = Debug|Win32
		{D3513DFD-B7EF-49EC-B623-9C4F1751B74C}.Release|Win32.ActiveCfg = Release|Win32
		{D3513DFD-B7EF-49EC-B623-9C4F1751B74C}.Release|Win32.Build.0 = Release|Win32
		{561A0F47-60BF-4409-AD60-279FCEDAC9BD}.Debug|Win32.ActiveCfg = Debug|Win32
		{561A0F47-60BF-4409-AD60-279FCEDAC9BD}.Debug|Win32.Build.0 = Debug|Win32
		{561A0F47-60BF-4409-AD60-279FCEDAC9BD}.Release|Win32.ActiveCfg = Release|Win32
		{561A0F47-60BF-4409-AD60-279FCEDAC9BD}.Release|Win32.Build.0 = Release|Win32
		{863D501C-2A6F-430C-9AC0-D13985FB6E08}.Debug|Win32.ActiveCfg = Debug|Win32
		{863D501C-2A6F-430C-9AC0-D13985FB6E08}.Debug|Win32.Build.0 = Debug|Win32
		{863D501C-2A6F-430C-9AC0-D13985FB6E08}.Release|Win32.ActiveCfg = Release|Win32
		{863D501C-2A6F-430C-9AC0-D13985FB6E08}.Release|Win32.Build.0 = Release|Win32
		{C1A45FFD-7C9E-4B4F-B70E-0E1153839825}.Debug|Win32.ActiveCfg = Debug|Win32
		{C1A45FFD-7C9E-4B4F-B70E-0E1153839825}.Debug|Win32.Build.0 = Debug|Win32
		{C1A45FFD-7C9E-4B4F-B70E-0E1153839825}.Release|Win32.ActiveCfg = Release|Win32
		{C1A45FFD-7C9E-4B4F-B70E-0E1153839825}.Release|Win32.Build.0 = Release|Win32
		{3319F9AC-B004-46B4-A83B-18F91883D881}.Debug|Win32.ActiveCfg = Debug|Win32
		{3319F9AC-B004-46B4-A83B-18F91883D881}.Debug|Win32.Build.0 = Debug|Win32
		{3319F9AC-B004-46B4-A83B-18F91883D881}.Release|Win32.ActiveCfg = Release|Win32
		{3319F9AC-B004-46B4-A83B-18F91883D881}.Release|Win32.Build.0 = Release|Win32
		{EDB4B748-30FA-4A86-83C5-308236128A16}.Debug|Win32.ActiveCfg = Debug|Win32
		{EDB4B748-30FA-4A86-83C5-308236128A16}.Debug|Win32.Build.0 = Debug|Win32
		{EDB4B748-30FA-4A86-83C5-308236128A16}.Release|Win32.ActiveCfg = Release|Win32
		{EDB4B748-30FA-4A86-83C5-308236128A16}.Release|Win32.Build.0 = Release|Win32
		{65BB9C82-485E-4B9D-AA8C-63D73B4F6DD2}.Debug|Win32.ActiveCfg = Debug|Win32
		{65BB9C82-485E-4B9D-AA8C-63D73B4F6DD2}.Debug|Win32.Build.0 = Debug|Win32
		{65BB9C82-485E-4B9D-AA8C-63D73B4F6DD2}.Release|Win32.ActiveCfg = Release|Win32
		{65BB9C82-485E-4B9D-AA8C-63D73B4F6DD2}.Release|Win32.Build.0 = Release|Win32
	EndGlobalSection
	GlobalSection(SolutionProperties) = preSolution
		HideSolutionNode = FALSE
	EndGlobalSection
	GlobalSection(ExtensibilityGlobals) = postSolution
		SolutionGuid = {4B921D73-CCDE-4B10-920C-FF605298B205}
	EndGlobalSection
EndGlobal
